
Microsoft Visual Studio Solution File, Format Version 12.00
# Visual Studio Version 17
VisualStudioVersion = 17.1.32328.378
MinimumVisualStudioVersion = 10.0.40219.1
Project("{8BC9CEB8-8B4A-11D0-8D11-00A0C91BC942}") = "SK-Lib-stdio.h-vfprintf-Bagian4__C", "SK-Lib-stdio.h-vfprintf-Bagian4__C\SK-Lib-stdio.h-vfprintf-Bagian4__C.vcxproj", "{590A3944-8DBD-482A-9D45-8AC4E219BCFB}"
EndProject
Global
	GlobalSection(SolutionConfigurationPlatforms) = preSolution
		Debug|x64 = Debug|x64
		Debug|x86 = Debug|x86
		Release|x64 = Release|x64
		Release|x86 = Release|x86
	EndGlobalSection
	GlobalSection(ProjectConfigurationPlatforms) = postSolution
		{590A3944-8DBD-482A-9D45-8AC4E219BCFB}.Debug|x64.ActiveCfg = Debug|x64
		{590A3944-8DBD-482A-9D45-8AC4E219BCFB}.Debug|x64.Build.0 = Debug|x64
		{590A3944-8DBD-482A-9D45-8AC4E219BCFB}.Debug|x86.ActiveCfg = Debug|Win32
		{590A3944-8DBD-482A-9D45-8AC4E219BCFB}.Debug|x86.Build.0 = Debug|Win32
		{590A3944-8DBD-482A-9D45-8AC4E219BCFB}.Release|x64.ActiveCfg = Release|x64
		{590A3944-8DBD-482A-9D45-8AC4E219BCFB}.Release|x64.Build.0 = Release|x64
		{590A3944-8DBD-482A-9D45-8AC4E219BCFB}.Release|x86.ActiveCfg = Release|Win32
		{590A3944-8DBD-482A-9D45-8AC4E219BCFB}.Release|x86.Build.0 = Release|Win32
	EndGlobalSection
	GlobalSection(SolutionProperties) = preSolution
		HideSolutionNode = FALSE
	EndGlobalSection
	GlobalSection(ExtensibilityGlobals) = postSolution
		SolutionGuid = {31854DB0-E832-457A-8C15-F83C170436DC}
	EndGlobalSection
EndGlobal
